version: 7
platforms:
- name: linux-64
  virtual-packages:
  - __unix=0=0
  - __linux=4.18
  - __glibc=2.28
  - __archspec=0=x86_64
environments:
  default:
    channels:
    - url: https://prefix.dev/almost-conductor/
    - url: https://conda.anaconda.org/conda-forge/
    packages:
      linux-64:
      - conda: https://conda.anaconda.org/conda-forge/linux-64/_openmp_mutex-4.5-20_gnu.conda
      - conda: https://conda.anaconda.org/conda-forge/linux-64/arpack-3.9.1-nompi_hf03ea27_102.conda
      - conda: https://conda.anaconda.org/conda-forge/linux-64/bzip2-1.0.8-hda65f42_10.conda
      - conda: https://conda.anaconda.org/conda-forge/linux-64/c-ares-1.34.8-hebe6cf0_2.conda
      - conda: https://conda.anaconda.org/conda-forge/linux-64/curl-8.22.0-ha042cf0_0.conda
      - conda: https://conda.anaconda.org/conda-forge/linux-64/git-2.56.0-pl5440h3795e67_0.conda
      - conda: https://conda.anaconda.org/conda-forge/linux-64/gmp-6.3.0-hfd2156b_3.conda
      - conda: https://conda.anaconda.org/conda-forge/linux-64/icu-78.3-py310h44b86e0_2.conda
      - conda: https://conda.anaconda.org/conda-forge/linux-64/julia-1.12.7-h192eb0c_0.conda
      - conda: https://conda.anaconda.org/conda-forge/linux-64/keyutils-1.6.3-h7cc23a3_1.conda
      - conda: https://conda.anaconda.org/conda-forge/linux-64/krb5-1.22.2-hbc21106_2.conda
      - conda: https://conda.anaconda.org/conda-forge/linux-64/libamd-3.3.3-h456b2da_7100101.conda
      - conda: https://conda.anaconda.org/conda-forge/linux-64/libblas-3.11.0-11_h4a7cf45_openblas.conda
      - conda: https://conda.anaconda.org/conda-forge/linux-64/libbtf-2.3.2-hf02c80a_7100101.conda
      - conda: https://conda.anaconda.org/conda-forge/linux-64/libcamd-3.3.3-hf02c80a_7100101.conda
      - conda: https://conda.anaconda.org/conda-forge/linux-64/libcblas-3.11.0-11_h0358290_openblas.conda
      - conda: https://conda.anaconda.org/conda-forge/linux-64/libccolamd-3.3.4-hf02c80a_7100101.conda
      - conda: https://conda.anaconda.org/conda-forge/linux-64/libcholmod-5.3.1-h9cf07ce_7100101.conda
      - conda: https://conda.anaconda.org/conda-forge/linux-64/libcolamd-3.3.4-hf02c80a_7100101.conda
      - conda: https://conda.anaconda.org/conda-forge/linux-64/libcurl-8.22.0-ha042cf0_0.conda
      - conda: https://conda.anaconda.org/conda-forge/linux-64/libcxsparse-4.4.1-hf02c80a_7100101.conda
      - conda: https://conda.anaconda.org/conda-forge/linux-64/libedit-3.1.20250104-pl5321h373387f_1.conda
      - conda: https://conda.anaconda.org/conda-forge/linux-64/libev-4.33-h280c20c_3.conda
      - conda: https://conda.anaconda.org/conda-forge/linux-64/libexpat-2.8.5-hd2095e1_0.conda
      - conda: https://conda.anaconda.org/conda-forge/linux-64/libgcc-16.2.0-ha9f2e26_7.conda
      - conda: https://conda.anaconda.org/conda-forge/linux-64/libgcc-ng-16.2.0-h69a702a_7.conda
      - conda: https://conda.anaconda.org/conda-forge/linux-64/libgfortran-16.2.0-h69a702a_7.conda
      - conda: https://conda.anaconda.org/conda-forge/linux-64/libgfortran5-16.2.0-h6b99dfc_7.conda
      - conda: https://conda.anaconda.org/conda-forge/linux-64/libgit2-1.9.7-hf27fc33_1.conda
      - conda: https://conda.anaconda.org/conda-forge/linux-64/libgomp-16.2.0-he0feb66_7.conda
      - conda: https://conda.anaconda.org/conda-forge/linux-64/libiconv-1.18-h0cb94f2_3.conda
      - conda: https://conda.anaconda.org/conda-forge/linux-64/libklu-2.3.5-h95ff59c_7100101.conda
      - conda: https://conda.anaconda.org/conda-forge/linux-64/liblapack-3.11.0-11_h47877c9_openblas.conda
      - conda: https://conda.anaconda.org/conda-forge/linux-64/libldl-3.3.2-hf02c80a_7100101.conda
      - conda: https://conda.anaconda.org/conda-forge/linux-64/libnghttp2-1.68.1-h74cf4be_1.conda
      - conda: https://conda.anaconda.org/conda-forge/linux-64/libopenblas-0.3.34-pthreads_hf13c14d_2.conda
      - conda: https://conda.anaconda.org/conda-forge/linux-64/libopenblas-ilp64-0.3.34-pthreads_h79482e6_2.conda
      - conda: https://conda.anaconda.org/conda-forge/linux-64/libopenlibm4-0.8.1-hd590300_1.conda
      - conda: https://conda.anaconda.org/conda-forge/linux-64/libparu-1.0.0-hc6afc67_7100101.conda
      - conda: https://conda.anaconda.org/conda-forge/linux-64/libpsl-0.23.1-hd9e3e90_1.conda
      - conda: https://conda.anaconda.org/conda-forge/linux-64/librbio-4.3.4-hf02c80a_7100101.conda
      - conda: https://conda.anaconda.org/conda-forge/linux-64/libspex-3.2.3-h9226d62_7100101.conda
      - conda: https://conda.anaconda.org/conda-forge/linux-64/libspqr-4.3.4-h23b7119_7100101.conda
      - conda: https://conda.anaconda.org/conda-forge/linux-64/libssh2-1.11.1-h6154650_1.conda
      - conda: https://conda.anaconda.org/conda-forge/linux-64/libstdcxx-16.2.0-h934c35e_7.conda
      - conda: https://conda.anaconda.org/conda-forge/linux-64/libstdcxx-ng-16.2.0-hdf11a46_7.conda
      - conda: https://conda.anaconda.org/conda-forge/linux-64/libsuitesparseconfig-7.10.1-h901830b_7100101.conda
      - conda: https://conda.anaconda.org/conda-forge/linux-64/libumfpack-6.3.5-h873dde6_7100101.conda
      - conda: https://conda.anaconda.org/conda-forge/linux-64/libunwind-1.8.3-h65a8314_0.conda
      - conda: https://conda.anaconda.org/conda-forge/linux-64/libutf8proc-2.11.3-hfe17d71_0.conda
      - conda: https://conda.anaconda.org/conda-forge/linux-64/libxcrypt-4.4.38-h280c20c_0.conda
      - conda: https://conda.anaconda.org/conda-forge/linux-64/libzlib-1.3.2-h25fd6f3_3.conda
      - conda: https://conda.anaconda.org/conda-forge/linux-64/metis-5.1.0-h86e3903_1008.conda
      - conda: https://conda.anaconda.org/conda-forge/linux-64/mpfr-4.2.2-ha2cb11d_1.conda
      - conda: https://conda.anaconda.org/conda-forge/linux-64/ncurses-6.6-hdb14827_1.conda
      - conda: https://conda.anaconda.org/conda-forge/linux-64/openblas-ilp64-0.3.34-pthreads_h8097de1_2.conda
      - conda: https://conda.anaconda.org/conda-forge/linux-64/openlibm-0.8.1-hd590300_1.conda
      - conda: https://conda.anaconda.org/conda-forge/linux-64/openssl-3.6.4-h781a0a9_0.conda
      - conda: https://conda.anaconda.org/conda-forge/linux-64/p7zip-16.02-h9c3ff4c_1001.tar.bz2
      - conda: https://conda.anaconda.org/conda-forge/linux-64/pcre2-10.47-h8b3dc9c_1.conda
      - conda: https://conda.anaconda.org/conda-forge/linux-64/perl-5.44.0-1_h7cc23a3_perl5.conda
      - conda: https://conda.anaconda.org/conda-forge/linux-64/suitesparse-7.10.1-h5b2951e_7100101.conda
      - conda: https://conda.anaconda.org/conda-forge/linux-64/zlib-1.3.2-h25fd6f3_3.conda
      - conda: https://conda.anaconda.org/conda-forge/linux-64/zstd-1.5.7-hb78ec9c_7.conda
      - conda: https://conda.anaconda.org/conda-forge/noarch/ca-certificates-2026.7.22-hbd8a1cb_0.conda
      - conda: https://prefix.dev/almost-conductor/linux-64/denet-0.10.3-ha35fb5c_0.conda
packages:
- conda: https://conda.anaconda.org/conda-forge/linux-64/_openmp_mutex-4.5-20_gnu.conda
  build_number: 20
  sha256: 1dd3fffd892081df9726d7eb7e0dea6198962ba775bd88842135a4ddb4deb3c9
  md5: a9f577daf3de00bca7c3c76c0ecbd1de
  depends:
  - __glibc >=2.17,<3.0.a0
  - libgomp >=7.5.0
  constrains:
  - openmp_impl <0.0a0
  license: BSD-3-Clause
  license_family: BSD
  run_exports:
    strong:
    - _openmp_mutex >=4.5
  size: 28948
  timestamp: 1770939786096
- conda: https://conda.anaconda.org/conda-forge/linux-64/arpack-3.9.1-nompi_hf03ea27_102.conda
  sha256: 6d71343420292132be0192ddd962b308f7b8a0a0630d1db83fb9d65e8167c6ce
  md5: e09af397232ef1070e0b6cbf4c64aacb
  depends:
  - __glibc >=2.17,<3.0.a0
  - libblas >=3.9.0,<4.0a0
  - libgcc >=13
  - libgfortran
  - libgfortran5 >=13.3.0
  - liblapack >=3.9.0,<4.0a0
  - libstdcxx >=13
  license: BSD-3-Clause
  license_family: BSD
  run_exports:
    weak:
    - arpack >=3.9.1,<3.10.0a0 nompi_*
  size: 130412
  timestamp: 1736083992796
- conda: https://conda.anaconda.org/conda-forge/linux-64/bzip2-1.0.8-hda65f42_10.conda
  sha256: 1a0d382c515ebf55f8ee1f38c8b81bc95af5c2acc42ad53b66bc5df932032f96
  md5: e675fabcf81499adc7edf58124fb1e01
  depends:
  - __glibc >=2.17,<3.0.a0
  - libgcc >=14
  license: bzip2-1.0.6
  license_family: BSD
  run_exports:
    weak:
    - bzip2 >=1.0.8,<2.0a0
  size: 257808
  timestamp: 1785906269155
- conda: https://conda.anaconda.org/conda-forge/linux-64/c-ares-1.34.8-hebe6cf0_2.conda
  sha256: 9c37cc233238adf366ea75b0e845662a5be07ceadf62e458183516369340274b
  md5: 3ad2b403be8fc5612b9159e2ce621f69
  depends:
  - libgcc >=15
  - __glibc >=2.17,<3.0.a0
  license: MIT
  license_family: MIT
  run_exports:
    weak:
    - c-ares >=1.34.8,<2.0a0
  size: 228700
  timestamp: 1787169971173
- conda: https://conda.anaconda.org/conda-forge/linux-64/curl-8.22.0-ha042cf0_0.conda
  sha256: 1a35faf4bf079c4438c52c9795b95d6c97c1b60e0bb51802cf48e2b7352b57e5
  md5: 399a7c0b7ca511de34c5ee5762cee149
  depends:
  - __glibc >=2.17,<3.0.a0
  - krb5 >=1.22.2,<1.23.0a0
  - libcurl 8.22.0 ha042cf0_0
  - libgcc >=15
  - libpsl >=0.23.1,<0.24.0a0
  - libssh2 >=1.11.1,<2.0a0
  - libzlib >=1.3.2,<2.0a0
  - openssl >=3.5.8,<4.0a0
  - zstd >=1.5.7,<1.6.0a0
  license: curl
  license_family: MIT
  run_exports: {}
  size: 196563
  timestamp: 1788340726238
- conda: https://conda.anaconda.org/conda-forge/linux-64/git-2.56.0-pl5440h3795e67_0.conda
  sha256: d5654608f2bed18580fa05e22d80093fc746cc70dea1d6a208e7a9f65b1888e0
  md5: 6dbccc130bb4e4f86c9d97af2b787a2a
  depends:
  - __glibc >=2.17,<3.0.a0
  - libcurl >=8.22.0,<9.0a0
  - libexpat >=2.8.5,<3.0a0
  - libgcc >=15
  - libiconv >=1.18,<2.0a0
  - libzlib >=1.3.2,<2.0a0
  - openssl >=3.5.8,<4.0a0
  - pcre2 >=10.47,<10.48.0a0
  - perl 5.*
  constrains:
  - __glibc >=2.17
  license: GPL-2.0-or-later and LGPL-2.1-or-later
  run_exports: {}
  size: 11920563
  timestamp: 1790670380845
- conda: https://conda.anaconda.org/conda-forge/linux-64/gmp-6.3.0-hfd2156b_3.conda
  sha256: f36c336efc874f346a53a9011f67e997f9faac505562cc18c13b6d399cfe61c7
  md5: 576e32739f323438bf69ab006c21be7b
  depends:
  - __glibc >=2.17,<3.0.a0
  - libgcc >=14
  - libstdcxx >=14
  license: GPL-2.0-or-later OR LGPL-3.0-or-later
  run_exports:
    weak:
    - gmp >=6.3.0,<7.0a0
  size: 493498
  timestamp: 1786629164954
- conda: https://conda.anaconda.org/conda-forge/linux-64/icu-78.3-py310h44b86e0_2.conda
  sha256: 9f07834f0c546ab14d885ce0366285f61f44e326c0edd1fc63b8294e113ae432
  md5: 72a381cbad04f24b1c2a43ef707f45b4
  depends:
  - __glibc >=2.17,<3.0.a0
  - libstdcxx >=14
  - libgcc >=14
  license: MIT
  license_family: MIT
  run_exports:
    weak:
    - icu >=78.3,<79.0a0
  size: 14459115
  timestamp: 1786545741408
- conda: https://conda.anaconda.org/conda-forge/linux-64/julia-1.12.7-h192eb0c_0.conda
  sha256: dc4b6ae4b0d2145447af968c802e59e826069e11a8dc4346504636228b4b8397
  md5: 8407fb829f0e8a8569c6f0edacae1ee0
  depends:
  - __glibc >=2.17,<3.0.a0
  - arpack >=3.9.1,<3.10.0a0 nompi_*
  - curl
  - git
  - gmp >=6.3.0,<7.0a0
  - libamd >=3.3.3,<4.0a0
  - libbtf >=2.3.2,<3.0a0
  - libcamd >=3.3.3,<4.0a0
  - libccolamd >=3.3.4,<4.0a0
  - libcholmod >=5.3.1,<6.0a0
  - libcolamd >=3.3.4,<4.0a0
  - libcxsparse >=4.4.1,<5.0a0
  - libgcc >=15
  - libgfortran
  - libgfortran5 >=15.3.0
  - libgit2 >=1.9.7,<1.10.0a0
  - libklu >=2.3.5,<3.0a0
  - libldl >=3.3.2,<4.0a0
  - libnghttp2 >=1.68.1,<2.0a0
  - libopenlibm4 >=0.8.1,<1.0a0
  - libparu >=1.0.0,<2.0a0
  - librbio >=4.3.4,<5.0a0
  - libspex >=3.2.3,<4.0a0
  - libspqr >=4.3.4,<5.0a0
  - libssh2 >=1.11.1,<2.0a0
  - libstdcxx >=15
  - libsuitesparseconfig >=7.10.1,<8.0a0
  - libumfpack >=6.3.5,<7.0a0
  - libunwind >=1.8.3,<1.9.0a0
  - libutf8proc >=2.11.3,<2.12.0a0
  - libzlib >=1.3.2,<2.0a0
  - mpfr >=4.2.2,<5.0a0
  - openblas-ilp64
  - openlibm
  - p7zip
  - pcre2 >=10.47,<10.48.0a0
  - suitesparse >=7.10.1,<8.0a0
  - zlib
  license: MIT
  license_family: MIT
  run_exports: {}
  size: 176587977
  timestamp: 1788324893615
- conda: https://conda.anaconda.org/conda-forge/linux-64/keyutils-1.6.3-h7cc23a3_1.conda
  sha256: dd053c96dcb0dcfd59422aefea9d2fe937a190167f34fba7893ec1e10a7e8963
  md5: ba55d1b89fd7775e67de8291029b4059
  depends:
  - __glibc >=2.17,<3.0.a0
  - libgcc >=15
  license: LGPL-2.1-or-later
  run_exports:
    weak:
    - keyutils >=1.6.3,<2.0a0
  size: 135295
  timestamp: 1786739238128
- conda: https://conda.anaconda.org/conda-forge/linux-64/krb5-1.22.2-hbc21106_2.conda
  sha256: 2a5c38c85e63df84c4e69ee71439841ce570d259ae3060627bb9a49a938d66f4
  md5: 53318d715316929a574f83591308b1f8
  depends:
  - __glibc >=2.17,<3.0.a0
  - keyutils >=1.6.3,<2.0a0
  - libedit >=3.1.20250104,<3.2.0a0
  - libedit >=3.1.20250104,<4.0a0
  - libgcc >=15
  - libstdcxx >=15
  - openssl >=3.5.7,<4.0a0
  license: MIT
  license_family: MIT
  run_exports:
    weak:
    - krb5 >=1.22.2,<1.23.0a0
  size: 1394333
  timestamp: 1786762112514
- conda: https://conda.anaconda.org/conda-forge/linux-64/libamd-3.3.3-h456b2da_7100101.conda
  sha256: 5fc32a5497c9919ffde729a604b0acfa97c403ce5b2b27b28ca261cf0c4643aa
  md5: a067596d679bcde85375143e7c374738
  depends:
  - __glibc >=2.17,<3.0.a0
  - libgfortran5 >=13.3.0
  - libgfortran
  - libgcc >=13
  - libsuitesparseconfig >=7.10.1,<8.0a0
  license: BSD-3-Clause
  license_family: BSD
  run_exports:
    weak:
    - libamd >=3.3.3,<4.0a0
  size: 48250
  timestamp: 1741963824815
- conda: https://conda.anaconda.org/conda-forge/linux-64/libblas-3.11.0-11_h4a7cf45_openblas.conda
  build_number: 11
  sha256: d942e0c820d60a613a6f786d074f0820fb6343e3f1ccfb110b1d98b44fb75968
  md5: b8cce1486f3c62f33291d6318c193d0d
  depends:
  - libopenblas >=0.3.34,<0.3.35.0a0
  - libopenblas >=0.3.34,<1.0a0
  constrains:
  - blas 2.311   openblas
  - libcblas   3.11.0   11*_openblas
  - liblapack  3.11.0   11*_openblas
  - liblapacke 3.11.0   11*_openblas
  - mkl <2027
  license: BSD-3-Clause
  license_family: BSD
  run_exports:
    weak:
    - libblas >=3.11.0,<4.0a0
  size: 18246
  timestamp: 1789061062982
- conda: https://conda.anaconda.org/conda-forge/linux-64/libbtf-2.3.2-hf02c80a_7100101.conda
  sha256: fe36f414f48ab87251f02aeef1fcbb6f3929322316842dada0f8142db2710264
  md5: 6f4aec52002defbdf3e24eb79e56a209
  depends:
  - libgcc >=13
  - __glibc >=2.17,<3.0.a0
  - libsuitesparseconfig >=7.10.1,<8.0a0
  license: LGPL-2.1-or-later
  run_exports:
    weak:
    - libbtf >=2.3.2,<3.0a0
  size: 26913
  timestamp: 1741963824815
- conda: https://conda.anaconda.org/conda-forge/linux-64/libcamd-3.3.3-hf02c80a_7100101.conda
  sha256: 16e9ae4e173a8606b0b8be118dbdcf4e03c9dd9777eea6bf9dff4397133d0d06
  md5: 1c9d1532caadece8adc2d14c6d4fc726
  depends:
  - libgcc >=13
  - __glibc >=2.17,<3.0.a0
  - libsuitesparseconfig >=7.10.1,<8.0a0
  license: BSD-3-Clause
  license_family: BSD
  run_exports:
    weak:
    - libcamd >=3.3.3,<4.0a0
  size: 44119
  timestamp: 1741963824815
- conda: https://conda.anaconda.org/conda-forge/linux-64/libcblas-3.11.0-11_h0358290_openblas.conda
  build_number: 11
  sha256: f7d1bbdea61cf94ba219d17b2cb571a29830f8025385af799bff5a7ad1ef45e6
  md5: 73a248c30811075059b5aeda766c2624
  depends:
  - libblas 3.11.0 11_h4a7cf45_openblas
  constrains:
  - blas 2.311   openblas
  - liblapack  3.11.0   11*_openblas
  - liblapacke 3.11.0   11*_openblas
  license: BSD-3-Clause
  license_family: BSD
  run_exports:
    weak:
    - libcblas >=3.11.0,<4.0a0
  size: 18196
  timestamp: 1789061068819
- conda: https://conda.anaconda.org/conda-forge/linux-64/libccolamd-3.3.4-hf02c80a_7100101.conda
  sha256: cc90aa5e0ad1f7ae9a29d9a42aacd7f7f02aba0bf5467513bfda7e6b18a4cbc8
  md5: e5107e02dc4c2f9f41eef72d72c23517
  depends:
  - libgcc >=13
  - __glibc >=2.17,<3.0.a0
  - libsuitesparseconfig >=7.10.1,<8.0a0
  license: BSD-3-Clause
  license_family: BSD
  run_exports:
    weak:
    - libccolamd >=3.3.4,<4.0a0
  size: 41578
  timestamp: 1741963824815
- conda: https://conda.anaconda.org/conda-forge/linux-64/libcholmod-5.3.1-h9cf07ce_7100101.conda
  sha256: 69540315b4b8de93b383243334151ed19e98968baaa59440ba645a3bff68d765
  md5: f51e24ce110ae24c92074736a308e47e
  depends:
  - libgcc >=13
  - libstdcxx >=13
  - libgcc >=13
  - __glibc >=2.17,<3.0.a0
  - _openmp_mutex >=4.5
  - liblapack >=3.9.0,<4.0a0
  - libcolamd >=3.3.4,<4.0a0
  - libamd >=3.3.3,<4.0a0
  - libsuitesparseconfig >=7.10.1,<8.0a0
  - libccolamd >=3.3.4,<4.0a0
  - libblas >=3.9.0,<4.0a0
  - libcamd >=3.3.3,<4.0a0
  license: LGPL-2.1-or-later AND GPL-2.0-or-later AND Apache-2.0
  run_exports:
    weak:
    - libcholmod >=5.3.1,<6.0a0
  size: 990886
  timestamp: 1741963824815
- conda: https://conda.anaconda.org/conda-forge/linux-64/libcolamd-3.3.4-hf02c80a_7100101.conda
  sha256: 00d1b976b914f0c20ae6f81f4e4713fa87717542eba8757b9a3c9e8abcc29858
  md5: 56d4c5542887e8955f21f8546ad75d9d
  depends:
  - libgcc >=13
  - __glibc >=2.17,<3.0.a0
  - libsuitesparseconfig >=7.10.1,<8.0a0
  license: BSD-3-Clause
  license_family: BSD
  run_exports:
    weak:
    - libcolamd >=3.3.4,<4.0a0
  size: 33160
  timestamp: 1741963824815
- conda: https://conda.anaconda.org/conda-forge/linux-64/libcurl-8.22.0-ha042cf0_0.conda
  sha256: 483b7eb97f56fbb3a9cb7190d33012dfa0a5aaed99ede61465563cd97dd82504
  md5: e617deee7af8eb0c04f6296d12b54157
  depends:
  - __glibc >=2.17,<3.0.a0
  - krb5 >=1.22.2,<1.23.0a0
  - libgcc >=15
  - libnghttp2 >=1.68.1,<2.0a0
  - libpsl >=0.23.1,<0.24.0a0
  - libssh2 >=1.11.1,<2.0a0
  - libzlib >=1.3.2,<2.0a0
  - openssl >=3.5.8,<4.0a0
  - zstd >=1.5.7,<1.6.0a0
  license: curl
  license_family: MIT
  run_exports:
    weak:
    - libcurl >=8.22.0,<9.0a0
  size: 499651
  timestamp: 1788340719230
- conda: https://conda.anaconda.org/conda-forge/linux-64/libcxsparse-4.4.1-hf02c80a_7100101.conda
  sha256: ab40fc8a4662f550d053576a56db896247bc81eb291eff3811f24c231829e3dd
  md5: 917931d508582ef891bbac172294d9fb
  depends:
  - __glibc >=2.17,<3.0.a0
  - libgcc >=13
  - _openmp_mutex >=4.5
  - libsuitesparseconfig >=7.10.1,<8.0a0
  license: LGPL-2.1-or-later
  run_exports:
    weak:
    - libcxsparse >=4.4.1,<5.0a0
  size: 113979
  timestamp: 1741963824815
- conda: https://conda.anaconda.org/conda-forge/linux-64/libedit-3.1.20250104-pl5321h373387f_1.conda
  sha256: 6473eb8caf2aae830f37caa93db9b26dddf7ac84b63229e8bf7fc0e5c3ab95b0
  md5: 50708d3b951d0f8e2d7f2df5b5edc040
  depends:
  - ncurses
  - libgcc >=14
  - __glibc >=2.17,<3.0.a0
  - ncurses >=6.6,<7.0a0
  license: BSD-2-Clause
  license_family: BSD
  run_exports:
    weak:
    - libedit >=3.1.20250104,<3.2.0a0
  size: 135098
  timestamp: 1786616658086
- conda: https://conda.anaconda.org/conda-forge/linux-64/libev-4.33-h280c20c_3.conda
  sha256: e4418f68d01a6307c4431b585c71b584f40189877364e542ee87deb777f5e85b
  md5: 7bc31538d6e3fb349e897353969237ec
  depends:
  - libgcc >=14
  - __glibc >=2.17,<3.0.a0
  license: BSD-2-Clause OR GPL-2.0-or-later
  license_family: GPL
  run_exports:
    weak:
    - libev >=4.33,<4.34.0a0
  size: 43220
  timestamp: 1785917328200
- conda: https://conda.anaconda.org/conda-forge/linux-64/libexpat-2.8.5-hd2095e1_0.conda
  sha256: 6de73033a7c5f712c9c5a54124e4581e025691029835e5bceaf10a333a7e7bc0
  md5: 72cfd2b95b0540247220b42f58a148d7
  depends:
  - __glibc >=2.17,<3.0.a0
  - libgcc >=15
  constrains:
  - expat 2.8.5.*
  license: MIT
  license_family: MIT
  run_exports: {}
  size: 77893
  timestamp: 1790346247149
- conda: https://conda.anaconda.org/conda-forge/linux-64/libgcc-16.2.0-ha9f2e26_7.conda
  sha256: e031634c3a928f9594eba868bc46ef5230d6571a364a0c63215b06c4563bfcea
  md5: 735629b400b70eeab21a2ba8f5b1c2ce
  depends:
  - __glibc >=2.17,<3.0.a0
  - _openmp_mutex >=4.5
  constrains:
  - libgcc-ng ==16.2.0=*_7
  - libgomp 16.2.0 he0feb66_7
  license: GPL-3.0-only WITH GCC-exception-3.1
  license_family: GPL
  run_exports: {}
  size: 1058444
  timestamp: 1790303109576
- conda: https://conda.anaconda.org/conda-forge/linux-64/libgcc-ng-16.2.0-h69a702a_7.conda
  sha256: 03b54d7008de080a17cc2174b0e4acd6d06e1c981b2eb19846f46d8f59966034
  md5: 2005515ac9340f816fb2ac7e83afe553
  depends:
  - libgcc 16.2.0 ha9f2e26_7
  license: GPL-3.0-only WITH GCC-exception-3.1
  license_family: GPL
  run_exports:
    strong:
    - libgcc
  size: 28616
  timestamp: 1790303114248
- conda: https://conda.anaconda.org/conda-forge/linux-64/libgfortran-16.2.0-h69a702a_7.conda
  sha256: 9682ae4dd11487e10b904b3cb3ab6379cad25233d45fdfdf90d54349df244494
  md5: 3a8d285f5f22138ef826ad54cf267e73
  depends:
  - libgfortran5 16.2.0 h6b99dfc_7
  constrains:
  - libgfortran-ng ==16.2.0=*_7
  license: GPL-3.0-only WITH GCC-exception-3.1
  license_family: GPL
  run_exports: {}
  size: 28571
  timestamp: 1790303139904
- conda: https://conda.anaconda.org/conda-forge/linux-64/libgfortran5-16.2.0-h6b99dfc_7.conda
  sha256: 04dbab12c925b92977bb835dd2f5eda413607afa79f95a554e5a04b07a380322
  md5: 7719ed7be38ad8c492c4bd5cc2bce0c4
  depends:
  - __glibc >=2.17,<3.0.a0
  - libgcc >=16.2.0
  constrains:
  - libgfortran 16.2.0
  license: GPL-3.0-only WITH GCC-exception-3.1
  license_family: GPL
  run_exports: {}
  size: 2528180
  timestamp: 1790303122004
- conda: https://conda.anaconda.org/conda-forge/linux-64/libgit2-1.9.7-hf27fc33_1.conda
  sha256: 5b213ad90ba7eb0ba3a23c32f413fe9a1163d492e218e7283a9f5ade67fa49aa
  md5: 1cf3ef849e34bc3283641cfda2675281
  depends:
  - __glibc >=2.17,<3.0.a0
  - libstdcxx >=15
  - libgcc >=15
  - libssh2 >=1.11.1,<2.0a0
  - openssl >=3.5.8,<4.0a0
  - libzlib >=1.3.2,<2.0a0
  - pcre2 >=10.47,<10.48.0a0
  license: GPL-2.0-only WITH GCC-exception-2.0
  license_family: GPL
  run_exports:
    weak:
    - libgit2 >=1.9.7,<1.10.0a0
  size: 1050729
  timestamp: 1789334640047
- conda: https://conda.anaconda.org/conda-forge/linux-64/libgomp-16.2.0-he0feb66_7.conda
  sha256: 92a0bb350c7be6a4eedcb4e111c60aefd176018e6b1c009a6e025dbe9bbcd758
  md5: d904c7ddd95e026254b4b80808ee9e12
  depends:
  - __glibc >=2.17,<3.0.a0
  license: GPL-3.0-only WITH GCC-exception-3.1
  license_family: GPL
  run_exports:
    strong:
    - _openmp_mutex >=4.5
  size: 640566
  timestamp: 1790303046034
- conda: https://conda.anaconda.org/conda-forge/linux-64/libiconv-1.18-h0cb94f2_3.conda
  sha256: f943117edb9cd4d9c61cc972eee5a34291dc55ea7a6e9e38da104995841cbcb6
  md5: f92233bf33e24a25668bb2119e2c51f9
  depends:
  - __glibc >=2.17,<3.0.a0
  - libgcc >=15
  license: LGPL-2.1-only
  run_exports:
    weak:
    - libiconv >=1.18,<2.0a0
  size: 789471
  timestamp: 1787033836207
- conda: https://conda.anaconda.org/conda-forge/linux-64/libklu-2.3.5-h95ff59c_7100101.conda
  sha256: 6b4d462642c240dc3671af74f7705b23f34eea0f71e0d9dbcf14b4ed008311ff
  md5: efaa5e7dc6989363585fbb591480b256
  depends:
  - libgcc >=13
  - __glibc >=2.17,<3.0.a0
  - _openmp_mutex >=4.5
  - metis >=5.1.0,<5.1.1.0a0
  - libcamd >=3.3.3,<4.0a0
  - liblapack >=3.9.0,<4.0a0
  - libcblas >=3.9.0,<4.0a0
  - libsuitesparseconfig >=7.10.1,<8.0a0
  - libcolamd >=3.3.4,<4.0a0
  - libamd >=3.3.3,<4.0a0
  - libcholmod >=5.3.1,<6.0a0
  - libblas >=3.9.0,<4.0a0
  - libbtf >=2.3.2,<3.0a0
  - libccolamd >=3.3.4,<4.0a0
  license: LGPL-2.1-or-later
  run_exports:
    weak:
    - libklu >=2.3.5,<3.0a0
  size: 131775
  timestamp: 1741963824816
- conda: https://conda.anaconda.org/conda-forge/linux-64/liblapack-3.11.0-11_h47877c9_openblas.conda
  build_number: 11
  sha256: 1ad3f43c9319ef398a8ef45989f4903a06e3965b51e77fc669a4c894168a8411
  md5: 5622a13917855ce4b953b9e655cf9262
  depends:
  - libblas 3.11.0 11_h4a7cf45_openblas
  constrains:
  - blas 2.311   openblas
  - libcblas   3.11.0   11*_openblas
  - liblapacke 3.11.0   11*_openblas
  license: BSD-3-Clause
  license_family: BSD
  run_exports:
    weak:
    - liblapack >=3.11.0,<3.12.0a0
  size: 18227
  timestamp: 1789061073957
- conda: https://conda.anaconda.org/conda-forge/linux-64/libldl-3.3.2-hf02c80a_7100101.conda
  sha256: 590232cd302047023ab31b80458833a71b10aeabee7474304dc65db322b5cd70
  md5: 19b71122fea7f6b1c4815f385b2da419
  depends:
  - __glibc >=2.17,<3.0.a0
  - libgcc >=13
  - libsuitesparseconfig >=7.10.1,<8.0a0
  license: LGPL-2.1-or-later
  run_exports:
    weak:
    - libldl >=3.3.2,<4.0a0
  size: 23391
  timestamp: 1741963824815
- conda: https://conda.anaconda.org/conda-forge/linux-64/libnghttp2-1.68.1-h74cf4be_1.conda
  sha256: 11a2f54a6f391e25738bce0023e6ef499600147bbcf21c1fa69d2e251b03cc6a
  md5: 75d211f04ac87506f1f43420712a69fe
  depends:
  - __glibc >=2.17,<3.0.a0
  - c-ares >=1.34.8,<2.0a0
  - libev >=4.33,<4.34.0a0
  - libev >=4.33,<5.0a0
  - libgcc >=15
  - libstdcxx >=15
  - libzlib >=1.3.2,<2.0a0
  - openssl >=3.5.7,<4.0a0
  license: MIT
  license_family: MIT
  run_exports:
    weak:
    - libnghttp2 >=1.68.1,<2.0a0
  size: 649974
  timestamp: 1787177490105
- conda: https://conda.anaconda.org/conda-forge/linux-64/libopenblas-0.3.34-pthreads_hf13c14d_2.conda
  sha256: 69a722751e14eab2eb3bfdcb9acb1187afbd962b0c49b48d829341e0f6787f60
  md5: 7e19fcd73d7f0997d3cb3326d2586a86
  depends:
  - libgfortran5 >=15.3.0
  - libgfortran
  - libgcc >=15
  - __glibc >=2.17,<3.0.a0
  constrains:
  - openblas >=0.3.34,<0.3.35.0a0
  license: BSD-3-Clause
  license_family: BSD
  run_exports:
    weak:
    - libopenblas >=0.3.34,<1.0a0
  size: 6845411
  timestamp: 1789141490688
- conda: https://conda.anaconda.org/conda-forge/linux-64/libopenblas-ilp64-0.3.34-pthreads_h79482e6_2.conda
  sha256: 4fefaeb75e02ceac61d53cd1c6344fb25deba2352707167c1ec3534ba85dad4f
  md5: b2e8ccaf63d7a8aa45eca13b45658bea
  depends:
  - libgfortran5 >=15.3.0
  - libgfortran
  - libgcc >=15
  - __glibc >=2.17,<3.0.a0
  constrains:
  - openblas-ilp64 >=0.3.34,<0.3.35.0a0
  license: BSD-3-Clause
  license_family: BSD
  run_exports:
    weak:
    - libopenblas-ilp64 >=0.3.34,<1.0a0
  size: 6722597
  timestamp: 1789141486540
- conda: https://conda.anaconda.org/conda-forge/linux-64/libopenlibm4-0.8.1-hd590300_1.conda
  sha256: d176e3b79e723a4102861c06cdc13d60b08210233c42edd6e49e770aece03b3b
  md5: e6af610e01d04927a5060c95ce4e0875
  depends:
  - libgcc-ng >=12
  license: MIT AND ISC AND BSD-2-Clause
  run_exports:
    weak:
    - libopenlibm4 >=0.8.1,<1.0a0
  size: 104768
  timestamp: 1698855372633
- conda: https://conda.anaconda.org/conda-forge/linux-64/libparu-1.0.0-hc6afc67_7100101.conda
  sha256: 50144e87b95d1309d2043aa5bf02035b948b1ae9ec6ec44ee97b7aec1cccd70a
  md5: fd1d3e26c1b12c70f7449369ae3d9c1a
  depends:
  - libgcc >=13
  - libstdcxx >=13
  - libgcc >=13
  - __glibc >=2.17,<3.0.a0
  - _openmp_mutex >=4.5
  - libsuitesparseconfig >=7.10.1,<8.0a0
  - libblas >=3.9.0,<4.0a0
  - libumfpack >=6.3.5,<7.0a0
  license: GPL-3.0-or-later
  license_family: GPL
  run_exports:
    weak:
    - libparu >=1.0.0,<2.0a0
  size: 89738
  timestamp: 1741963824815
- conda: https://conda.anaconda.org/conda-forge/linux-64/libpsl-0.23.1-hd9e3e90_1.conda
  sha256: 09e8effdc89bc5d021349318d32b85594f5b8d8e3ab8f90a85b81f8fe695a566
  md5: 77be60417aa572afcb48cbe0f967401d
  depends:
  - libstdcxx >=15
  - libgcc >=15
  - __glibc >=2.17,<3.0.a0
  - icu >=78.3,<79.0a0
  license: MIT
  license_family: MIT
  run_exports:
    weak:
    - libpsl >=0.23.1,<0.24.0a0
  size: 72519
  timestamp: 1786970753847
- conda: https://conda.anaconda.org/conda-forge/linux-64/librbio-4.3.4-hf02c80a_7100101.conda
  sha256: c502b4203cc0d38f49005994b5c80c89660bcd40ff170c529cda90827ec6b1f4
  md5: 4b3a3d711d1c1f76f7f440e51458f512
  depends:
  - __glibc >=2.17,<3.0.a0
  - libgcc >=13
  - libsuitesparseconfig >=7.10.1,<8.0a0
  license: GPL-2.0-or-later
  license_family: GPL
  run_exports:
    weak:
    - librbio >=4.3.4,<5.0a0
  size: 46633
  timestamp: 1741963824815
- conda: https://conda.anaconda.org/conda-forge/linux-64/libspex-3.2.3-h9226d62_7100101.conda
  sha256: 24dffff614943c547ba094f8eb03b412a18cc4654663202f1aab9158bfa875ba
  md5: 63323b258079a75133ccecbb0902614d
  depends:
  - libgcc >=13
  - __glibc >=2.17,<3.0.a0
  - _openmp_mutex >=4.5
  - libamd >=3.3.3,<4.0a0
  - libcolamd >=3.3.4,<4.0a0
  - libsuitesparseconfig >=7.10.1,<8.0a0
  - gmp >=6.3.0,<7.0a0
  - mpfr >=4.2.1,<5.0a0
  license: LGPL-2.0-or-later
  license_family: LGPL
  run_exports:
    weak:
    - libspex >=3.2.3,<4.0a0
  size: 79220
  timestamp: 1741963824815
- conda: https://conda.anaconda.org/conda-forge/linux-64/libspqr-4.3.4-h23b7119_7100101.conda
  sha256: 52851575496122f9088c9f5a4283da7fbb277d9a877b5ce60a939554df542f3c
  md5: c1ee33a71065c1f0efd9c8174d5f18b0
  depends:
  - libgcc >=13
  - libstdcxx >=13
  - libgcc >=13
  - __glibc >=2.17,<3.0.a0
  - libcholmod >=5.3.1,<6.0a0
  - libblas >=3.9.0,<4.0a0
  - liblapack >=3.9.0,<4.0a0
  - libsuitesparseconfig >=7.10.1,<8.0a0
  license: GPL-2.0-or-later
  license_family: GPL
  run_exports:
    weak:
    - libspqr >=4.3.4,<5.0a0
  size: 203419
  timestamp: 1741963824816
- conda: https://conda.anaconda.org/conda-forge/linux-64/libssh2-1.11.1-h6154650_1.conda
  sha256: 7e463000fa1cba3f3a6597b776f6ab301d425a96e3bc20d0d9d76a3b9f237aa3
  md5: 5c526561e1d2a2e071941174eae84557
  depends:
  - __glibc >=2.17,<3.0.a0
  - libgcc >=14
  - libzlib >=1.3.2,<2.0a0
  - openssl >=3.5.7,<4.0a0
  license: BSD-3-Clause
  license_family: BSD
  run_exports:
    weak:
    - libssh2 >=1.11.1,<2.0a0
  size: 306045
  timestamp: 1786713107897
- conda: https://conda.anaconda.org/conda-forge/linux-64/libstdcxx-16.2.0-h934c35e_7.conda
  sha256: fa7018298629fc429971fffd6ecba3d27a7b02e4e890d6a93ea01ffebe8cb745
  md5: 9b6707e0caca917fa6ea9ee473f37a5d
  depends:
  - __glibc >=2.17,<3.0.a0
  - libgcc 16.2.0 ha9f2e26_7
  constrains:
  - libstdcxx-ng ==16.2.0=*_7
  license: GPL-3.0-only WITH GCC-exception-3.1
  license_family: GPL
  run_exports: {}
  size: 6615436
  timestamp: 1790303132935
- conda: https://conda.anaconda.org/conda-forge/linux-64/libstdcxx-ng-16.2.0-hdf11a46_7.conda
  sha256: 337f481db36cc357884f05f404ccd1b3a7e0fc1ee48ec5c884e4281d213bc863
  md5: 25a23bde5e26d548374f3e02b4669670
  depends:
  - libstdcxx 16.2.0 h934c35e_7
  license: GPL-3.0-only WITH GCC-exception-3.1
  license_family: GPL
  run_exports:
    strong:
    - libstdcxx
  size: 28665
  timestamp: 1790303164510
- conda: https://conda.anaconda.org/conda-forge/linux-64/libsuitesparseconfig-7.10.1-h901830b_7100101.conda
  sha256: d8f32a0b0ee17fbace7af4bd34ad554cc855b9c18e0aeccf8395e1478c161f37
  md5: 57ae1dd979da7aa88a9b38bfa2e1d6b2
  depends:
  - libgcc >=13
  - __glibc >=2.17,<3.0.a0
  - libgfortran5 >=13.3.0
  - libgfortran
  - libgcc >=13
  - _openmp_mutex >=4.5
  license: BSD-3-Clause
  license_family: BSD
  run_exports:
    weak:
    - libsuitesparseconfig >=7.10.1,<8.0a0
  size: 42708
  timestamp: 1741963824815
- conda: https://conda.anaconda.org/conda-forge/linux-64/libumfpack-6.3.5-h873dde6_7100101.conda
  sha256: 9a2c0049210c0223084c29b39404ad6da6538e7a4d1ed74ee8423212998fd686
  md5: 9626fc7667bc6c901c7a0a4004938c71
  depends:
  - __glibc >=2.17,<3.0.a0
  - libgcc >=13
  - libsuitesparseconfig >=7.10.1,<8.0a0
  - libcholmod >=5.3.1,<6.0a0
  - libblas >=3.9.0,<4.0a0
  - libamd >=3.3.3,<4.0a0
  license: GPL-2.0-or-later
  license_family: GPL
  run_exports:
    weak:
    - libumfpack >=6.3.5,<7.0a0
  size: 404065
  timestamp: 1741963824815
- conda: https://conda.anaconda.org/conda-forge/linux-64/libunwind-1.8.3-h65a8314_0.conda
  sha256: 71c8b9d5c72473752a0bb6e91b01dd209a03916cb71f36cc6a564e3a2a132d7a
  md5: e179a69edd30d75c0144d7a380b88f28
  depends:
  - __glibc >=2.17,<3.0.a0
  - libgcc >=14
  - libstdcxx >=14
  license: MIT
  license_family: MIT
  run_exports:
    weak:
    - libunwind >=1.8.3,<1.9.0a0
  size: 75995
  timestamp: 1757032240102
- conda: https://conda.anaconda.org/conda-forge/linux-64/libutf8proc-2.11.3-hfe17d71_0.conda
  sha256: ecbf4b7520296ed580498dc66a72508b8a79da5126e1d6dc650a7087171288f9
  md5: 1247168fe4a0b8912e3336bccdbf98a5
  depends:
  - __glibc >=2.17,<3.0.a0
  - libgcc >=14
  license: MIT
  license_family: MIT
  run_exports:
    weak:
    - libutf8proc >=2.11.3,<2.12.0a0
  size: 85969
  timestamp: 1768735071295
- conda: https://conda.anaconda.org/conda-forge/linux-64/libxcrypt-4.4.38-h280c20c_0.conda
  sha256: f7e9292dd219a6435bbb1223da9586c3e70d66d169c5a92f08db3f2127df04e9
  md5: f7a7ff5a6ab331e037abd34f379a631d
  depends:
  - libgcc >=14
  - __glibc >=2.17,<3.0.a0
  license: LGPL-2.1-or-later
  run_exports:
    weak:
    - libxcrypt >=4.4.38
  size: 101957
  timestamp: 1785887123445
- conda: https://conda.anaconda.org/conda-forge/linux-64/libzlib-1.3.2-h25fd6f3_3.conda
  sha256: eb8a0db0aa570124f7d2a93d7c7f596e3390df5e047818d873baad32985fc736
  md5: 0de0122d9570a8ab637c6b73db268389
  depends:
  - __glibc >=2.17,<3.0.a0
  constrains:
  - zlib 1.3.2 *_3
  license: Zlib
  license_family: Other
  run_exports:
    weak:
    - libzlib >=1.3.2,<2.0a0
  size: 63713
  timestamp: 1785362952714
- conda: https://conda.anaconda.org/conda-forge/linux-64/metis-5.1.0-h86e3903_1008.conda
  sha256: c845827efbac5eaf722260493dbf06a520c89bf0d59c46605af72cb47c3f75e9
  md5: bd71f3eb5f383d32032e344784d928f6
  depends:
  - __glibc >=2.17,<3.0.a0
  - libgcc >=15
  - libstdcxx >=15
  license: Apache-2.0
  license_family: APACHE
  run_exports:
    weak:
    - metis >=5.1.0,<5.1.1.0a0
  size: 3956091
  timestamp: 1790635774330
- conda: https://conda.anaconda.org/conda-forge/linux-64/mpfr-4.2.2-ha2cb11d_1.conda
  sha256: 0be79ef2ee536e0c5d3ddb4a52bbae9f26d08560623299f33db2f4c4a17c525a
  md5: 7dcc10f6c0bc3596d5519a710a84dfd4
  depends:
  - __glibc >=2.17,<3.0.a0
  - gmp >=6.3.0,<7.0a0
  - libgcc >=15
  license: LGPL-3.0-only
  license_family: LGPL
  run_exports:
    weak:
    - mpfr >=4.2.2,<5.0a0
  size: 730409
  timestamp: 1787236218159
- conda: https://conda.anaconda.org/conda-forge/linux-64/ncurses-6.6-hdb14827_1.conda
  sha256: 5d46557214ed184381dafe835b7c94a474a1c3b307a08a250b1ea4779b44ffb3
  md5: ee6c0cd80a60961a1f48aa3e0b91f986
  depends:
  - __glibc >=2.17,<3.0.a0
  - libgcc >=14
  license: X11 AND BSD-3-Clause
  run_exports:
    weak:
    - ncurses >=6.6,<7.0a0
  size: 911196
  timestamp: 1786355078102
- conda: https://conda.anaconda.org/conda-forge/linux-64/openblas-ilp64-0.3.34-pthreads_h8097de1_2.conda
  sha256: a986d9e9a889d4e7b2c430b4fdb3f149eb538a335617898585b725dd8b37d355
  md5: b60f10bc4817bd472afbe0af1275a46c
  depends:
  - libopenblas-ilp64 ==0.3.34 pthreads_h79482e6_2
  license: BSD-3-Clause
  license_family: BSD
  run_exports: {}
  size: 7463180
  timestamp: 1789141486540
- conda: https://conda.anaconda.org/conda-forge/linux-64/openlibm-0.8.1-hd590300_1.conda
  sha256: 689a90096c3fdd76bd3620bd17a8de2924cf9e1ebe7c0d2d52c6f06eda2ad235
  md5: 6eba22eb06d69e53d0ca01eef42bc675
  depends:
  - libgcc-ng >=12
  - libopenlibm4 0.8.1 hd590300_1
  license: MIT AND ISC AND BSD-2-Clause
  run_exports:
    weak:
    - libopenlibm4 >=0.8.1,<1.0a0
  size: 29204
  timestamp: 1698855384579
- conda: https://conda.anaconda.org/conda-forge/linux-64/openssl-3.6.4-h781a0a9_0.conda
  sha256: 4747b2d6a8336f52343bceb8a1ebf41a9e6e665b9d2e3f989972de53a310599e
  md5: 16e3034a330cc625f2c685edec60cf4e
  depends:
  - __glibc >=2.17,<3.0.a0
  - ca-certificates
  - libgcc >=15
  license: Apache-2.0
  license_family: Apache
  run_exports:
    weak:
    - openssl >=3.6.4,<4.0a0
  size: 3202955
  timestamp: 1787698780103
- conda: https://conda.anaconda.org/conda-forge/linux-64/p7zip-16.02-h9c3ff4c_1001.tar.bz2
  sha256: 01aecc8f648ed0825ecf4c384c2f4759146ef8f2815348efddebf42ec769419c
  md5: 941066943c0cac69d5aa52189451aa5f
  depends:
  - libgcc-ng >=9.4.0
  - libstdcxx-ng >=9.4.0
  license: LGPL-2.0-or-later
  license_family: LGPL
  run_exports: {}
  size: 2304688
  timestamp: 1650994775055
- conda: https://conda.anaconda.org/conda-forge/linux-64/pcre2-10.47-h8b3dc9c_1.conda
  sha256: 9ebb10a4eb3be51ae67d85c679f5a7a50cb040ed25c783e6331a225ea09991d4
  md5: 06f6113cf1ff4a54b65f87ead132a5f1
  depends:
  - __glibc >=2.17,<3.0.a0
  - bzip2 >=1.0.8,<2.0a0
  - libgcc >=15
  - libzlib >=1.3.2,<2.0a0
  license: BSD-3-Clause
  license_family: BSD
  run_exports:
    weak:
    - pcre2 >=10.47,<10.48.0a0
  size: 1218833
  timestamp: 1787294571916
- conda: https://conda.anaconda.org/conda-forge/linux-64/perl-5.44.0-1_h7cc23a3_perl5.conda
  build_number: 1
  sha256: 43afad1c27c24ccc40d98461ab7e1648ccac876421a8783167861ae19c4edc83
  md5: 474944e9c978cc84911f1c1f9eaa8bb2
  depends:
  - __glibc >=2.17,<3.0.a0
  - libgcc >=15
  - libxcrypt >=4.4.38
  license: GPL-1.0-or-later OR Artistic-1.0-Perl
  run_exports:
    weak:
    - perl >=5.44.0,<5.45.0a0
    noarch:
    - perl >=5.44.0,<6.0a0
  size: 11438995
  timestamp: 1790621296165
- conda: https://conda.anaconda.org/conda-forge/linux-64/suitesparse-7.10.1-h5b2951e_7100101.conda
  sha256: 7c1c5bd2ba8385202ac3cb4c9c7f9bb87a2e677e977afd72c910314c014b28be
  md5: e927e0f248a498050443dab8bb1203a9
  depends:
  - libsuitesparseconfig ==7.10.1 h901830b_7100101
  - libamd ==3.3.3 h456b2da_7100101
  - libbtf ==2.3.2 hf02c80a_7100101
  - libcamd ==3.3.3 hf02c80a_7100101
  - libccolamd ==3.3.4 hf02c80a_7100101
  - libcolamd ==3.3.4 hf02c80a_7100101
  - libcholmod ==5.3.1 h9cf07ce_7100101
  - libcxsparse ==4.4.1 hf02c80a_7100101
  - libldl ==3.3.2 hf02c80a_7100101
  - libklu ==2.3.5 h95ff59c_7100101
  - libumfpack ==6.3.5 h873dde6_7100101
  - libparu ==1.0.0 hc6afc67_7100101
  - librbio ==4.3.4 hf02c80a_7100101
  - libspex ==3.2.3 h9226d62_7100101
  - libspqr ==4.3.4 h23b7119_7100101
  license: LGPL-2.1-or-later AND BSD-3-Clause AND GPL-2.0-or-later AND Apache-2.0
  run_exports:
    weak:
    - libsuitesparseconfig >=7.10.1,<8.0a0
    - libamd >=3.3.3,<4.0a0
    - libbtf >=2.3.2,<3.0a0
    - libcamd >=3.3.3,<4.0a0
    - libccolamd >=3.3.4,<4.0a0
    - libcolamd >=3.3.4,<4.0a0
    - libcholmod >=5.3.1,<6.0a0
    - libcxsparse >=4.4.1,<5.0a0
    - libldl >=3.3.2,<4.0a0
    - libklu >=2.3.5,<3.0a0
    - libumfpack >=6.3.5,<7.0a0
    - libparu >=1.0.0,<2.0a0
    - librbio >=4.3.4,<5.0a0
    - libspex >=3.2.3,<4.0a0
    - libspqr >=4.3.4,<5.0a0
    - suitesparse >=7.10.1,<8.0a0
  size: 12135
  timestamp: 1741963824816
- conda: https://conda.anaconda.org/conda-forge/linux-64/zlib-1.3.2-h25fd6f3_3.conda
  sha256: 16080a1c7724f7d25727cdc23c7658e0cec2db52448c1dc0c33467ee2c6e1c62
  md5: 6acb86426229f96f93e5468d1df3a5e8
  depends:
  - __glibc >=2.17,<3.0.a0
  - libzlib 1.3.2 h25fd6f3_3
  license: Zlib
  license_family: Other
  run_exports:
    weak:
    - libzlib >=1.3.2,<2.0a0
  size: 96132
  timestamp: 1785362957588
- conda: https://conda.anaconda.org/conda-forge/linux-64/zstd-1.5.7-hb78ec9c_7.conda
  sha256: 47d682b9f6d6ec9eb1a6e6c3e75ea6273e899e78fb7fc59f81d39745009fbc60
  md5: aa459086047c0e5e27023ab19f8cb86a
  depends:
  - __glibc >=2.17,<3.0.a0
  - libzlib >=1.3.2,<2.0a0
  license: BSD-3-Clause
  license_family: BSD
  run_exports:
    weak:
    - zstd >=1.5.7,<1.6.0a0
  size: 601301
  timestamp: 1786599621503
- conda: https://conda.anaconda.org/conda-forge/noarch/ca-certificates-2026.7.22-hbd8a1cb_0.conda
  sha256: 0a0544cf95f64394fe4959286f5c71f5444ad58feb0602e53becb27448d24da6
  md5: 0f51e2391ade309db462a55611263e9c
  depends:
  - __unix
  license: ISC
  run_exports: {}
  size: 131780
  timestamp: 1784754889428
- conda: https://prefix.dev/almost-conductor/linux-64/denet-0.10.3-ha35fb5c_0.conda
  sha256: 72293ec4f292d5e0f47b07fff7fd2545583f2a8d2a1fa39c3e270164f11bf6cb
  md5: 3f7670a5fde53c1a4ba07680306471ca
  depends:
  - __glibc >=2.28,<3.0.a0
  - libgcc >=16
  constrains:
  - __glibc >=2.17
  run_exports: {}
  size: 922300
  timestamp: 1790703810990
